
Microsoft Visual Studio Solution File, Format Version 12.00
# Visual Studio Version 17
VisualStudioVersion = 17.5.33627.172
MinimumVisualStudioVersion = 10.0.40219.1
Project("{8BC9CEB8-8B4A-11D0-8D11-00A0C91BC942}") = "task 01 Addresses", "task 01 Addresses.vcxproj", "{F2627E70-53D0-44EE-94B5-C801DF0013AF}"
EndProject
Global
	GlobalSection(SolutionConfigurationPlatforms) = preSolution
		Debug|x64 = Debug|x64
		Debug|x86 = Debug|x86
		Release|x64 = Release|x64
		Release|x86 = Release|x86
	EndGlobalSection
	GlobalSection(ProjectConfigurationPlatforms) = postSolution
		{F2627E70-53D0-44EE-94B5-C801DF0013AF}.Debug|x64.ActiveCfg = Debug|x64
		{F2627E70-53D0-44EE-94B5-C801DF0013AF}.Debug|x64.Build.0 = Debug|x64
		{F2627E70-53D0-44EE-94B5-C801DF0013AF}.Debug|x86.ActiveCfg = Debug|Win32
		{F2627E70-53D0-44EE-94B5-C801DF0013AF}.Debug|x86.Build.0 = Debug|Win32
		{F2627E70-53D0-44EE-94B5-C801DF0013AF}.Release|x64.ActiveCfg = Release|x64
		{F2627E70-53D0-44EE-94B5-C801DF0013AF}.Release|x64.Build.0 = Release|x64
		{F2627E70-53D0-44EE-94B5-C801DF0013AF}.Release|x86.ActiveCfg = Release|Win32
		{F2627E70-53D0-44EE-94B5-C801DF0013AF}.Release|x86.Build.0 = Release|Win32
	EndGlobalSection
	GlobalSection(SolutionProperties) = preSolution
		HideSolutionNode = FALSE
	EndGlobalSection
	GlobalSection(ExtensibilityGlobals) = postSolution
		SolutionGuid = {2360554D-456B-41F7-A1B6-0B21B0882294}
	EndGlobalSection
EndGlobal
