
Microsoft Visual Studio Solution File, Format Version 12.00
# Visual Studio Version 17
VisualStudioVersion = 17.5.33627.172
MinimumVisualStudioVersion = 10.0.40219.1
Project("{8BC9CEB8-8B4A-11D0-8D11-00A0C91BC942}") = "task 02 - Circular dependency", "task 02 - Circular dependency.vcxproj", "{F68C3C72-03AA-4785-B5D1-8480D37545D3}"
EndProject
Global
	GlobalSection(SolutionConfigurationPlatforms) = preSolution
		Debug|x64 = Debug|x64
		Debug|x86 = Debug|x86
		Release|x64 = Release|x64
		Release|x86 = Release|x86
	EndGlobalSection
	GlobalSection(ProjectConfigurationPlatforms) = postSolution
		{F68C3C72-03AA-4785-B5D1-8480D37545D3}.Debug|x64.ActiveCfg = Debug|x64
		{F68C3C72-03AA-4785-B5D1-8480D37545D3}.Debug|x64.Build.0 = Debug|x64
		{F68C3C72-03AA-4785-B5D1-8480D37545D3}.Debug|x86.ActiveCfg = Debug|Win32
		{F68C3C72-03AA-4785-B5D1-8480D37545D3}.Debug|x86.Build.0 = Debug|Win32
		{F68C3C72-03AA-4785-B5D1-8480D37545D3}.Release|x64.ActiveCfg = Release|x64
		{F68C3C72-03AA-4785-B5D1-8480D37545D3}.Release|x64.Build.0 = Release|x64
		{F68C3C72-03AA-4785-B5D1-8480D37545D3}.Release|x86.ActiveCfg = Release|Win32
		{F68C3C72-03AA-4785-B5D1-8480D37545D3}.Release|x86.Build.0 = Release|Win32
	EndGlobalSection
	GlobalSection(SolutionProperties) = preSolution
		HideSolutionNode = FALSE
	EndGlobalSection
	GlobalSection(ExtensibilityGlobals) = postSolution
		SolutionGuid = {D1B43C3B-DAD6-4971-B537-DE249E205504}
	EndGlobalSection
EndGlobal
